
Microsoft Visual Studio Solution File, Format Version 12.00
# Visual Studio Version 17
VisualStudioVersion = 17.2.32616.157
MinimumVisualStudioVersion = 10.0.40219.1
Project("{9A19103F-16F7-4668-BE54-9A1E7A4F7556}") = "Mang", "Bai2\Mang.csproj", "{476A42F5-861F-403A-A548-6B4E482507D8}"
EndProject
Project("{9A19103F-16F7-4668-BE54-9A1E7A4F7556}") = "Chuoi", "Chuoi\Chuoi.csproj", "{623AE3E1-BC26-4C64-A976-636C7B8AD8E7}"
EndProject
Project("{9A19103F-16F7-4668-BE54-9A1E7A4F7556}") = "DanhSach", "DanhSach\DanhSach.csproj", "{CD3CC014-2997-4100-81B3-F74CBE5D89D7}"
EndProject
Project("{9A19103F-16F7-4668-BE54-9A1E7A4F7556}") = "CauTruc", "CauTruc\CauTruc.csproj", "{7101003D-F27E-4F32-BEC5-6CD828406E33}"
EndProject
Project("{9A19103F-16F7-4668-BE54-9A1E7A4F7556}") = "TapTin", "TapTin\TapTin.csproj", "{597FAB1A-6F24-4161-A205-1B7EC2E71734}"
EndProject
Project("{FAE04EC0-301F-11D3-BF4B-00C04F79EFBC}") = "FindFile", "FindFile\FindFile.csproj", "{C758B844-20FD-4AC7-997E-DEBB7976694E}"
EndProject
Global
	GlobalSection(SolutionConfigurationPlatforms) = preSolution
		Debug|Any CPU = Debug|Any CPU
		Release|Any CPU = Release|Any CPU
	EndGlobalSection
	GlobalSection(ProjectConfigurationPlatforms) = postSolution
		{476A42F5-861F-403A-A548-6B4E482507D8}.Debug|Any CPU.ActiveCfg = Debug|Any CPU
		{476A42F5-861F-403A-A548-6B4E482507D8}.Debug|Any CPU.Build.0 = Debug|Any CPU
		{476A42F5-861F-403A-A548-6B4E482507D8}.Release|Any CPU.ActiveCfg = Release|Any CPU
		{476A42F5-861F-403A-A548-6B4E482507D8}.Release|Any CPU.Build.0 = Release|Any CPU
		{623AE3E1-BC26-4C64-A976-636C7B8AD8E7}.Debug|Any CPU.ActiveCfg = Debug|Any CPU
		{623AE3E1-BC26-4C64-A976-636C7B8AD8E7}.Debug|Any CPU.Build.0 = Debug|Any CPU
		{623AE3E1-BC26-4C64-A976-636C7B8AD8E7}.Release|Any CPU.ActiveCfg = Release|Any CPU
		{623AE3E1-BC26-4C64-A976-636C7B8AD8E7}.Release|Any CPU.Build.0 = Release|Any CPU
		{CD3CC014-2997-4100-81B3-F74CBE5D89D7}.Debug|Any CPU.ActiveCfg = Debug|Any CPU
		{CD3CC014-2997-4100-81B3-F74CBE5D89D7}.Debug|Any CPU.Build.0 = Debug|Any CPU
		{CD3CC014-2997-4100-81B3-F74CBE5D89D7}.Release|Any CPU.ActiveCfg = Release|Any CPU
		{CD3CC014-2997-4100-81B3-F74CBE5D89D7}.Release|Any CPU.Build.0 = Release|Any CPU
		{7101003D-F27E-4F32-BEC5-6CD828406E33}.Debug|Any CPU.ActiveCfg = Debug|Any CPU
		{7101003D-F27E-4F32-BEC5-6CD828406E33}.Debug|Any CPU.Build.0 = Debug|Any CPU
		{7101003D-F27E-4F32-BEC5-6CD828406E33}.Release|Any CPU.ActiveCfg = Release|Any CPU
		{7101003D-F27E-4F32-BEC5-6CD828406E33}.Release|Any CPU.Build.0 = Release|Any CPU
		{597FAB1A-6F24-4161-A205-1B7EC2E71734}.Debug|Any CPU.ActiveCfg = Debug|Any CPU
		{597FAB1A-6F24-4161-A205-1B7EC2E71734}.Debug|Any CPU.Build.0 = Debug|Any CPU
		{597FAB1A-6F24-4161-A205-1B7EC2E71734}.Release|Any CPU.ActiveCfg = Release|Any CPU
		{597FAB1A-6F24-4161-A205-1B7EC2E71734}.Release|Any CPU.Build.0 = Release|Any CPU
		{C758B844-20FD-4AC7-997E-DEBB7976694E}.Debug|Any CPU.ActiveCfg = Debug|Any CPU
		{C758B844-20FD-4AC7-997E-DEBB7976694E}.Debug|Any CPU.Build.0 = Debug|Any CPU
		{C758B844-20FD-4AC7-997E-DEBB7976694E}.Release|Any CPU.ActiveCfg = Release|Any CPU
		{C758B844-20FD-4AC7-997E-DEBB7976694E}.Release|Any CPU.Build.0 = Release|Any CPU
	EndGlobalSection
	GlobalSection(SolutionProperties) = preSolution
		HideSolutionNode = FALSE
	EndGlobalSection
	GlobalSection(ExtensibilityGlobals) = postSolution
		SolutionGuid = {B1AF3F40-9025-4917-AD73-DBF6339580AC}
	EndGlobalSection
EndGlobal
