
Microsoft Visual Studio Solution File, Format Version 12.00
# Visual Studio Version 17
VisualStudioVersion = 17.2.32616.157
MinimumVisualStudioVersion = 10.0.40219.1
Project("{FAE04EC0-301F-11D3-BF4B-00C04F79EFBC}") = "LT_DOTNET_P1_B1", "LT_DOTNET_P1_B1\LT_DOTNET_P1_B1.csproj", "{FA5CFAB8-F35B-4321-B687-176FC1655DCF}"
EndProject
Global
	GlobalSection(SolutionConfigurationPlatforms) = preSolution
		Debug|Any CPU = Debug|Any CPU
		Release|Any CPU = Release|Any CPU
	EndGlobalSection
	GlobalSection(ProjectConfigurationPlatforms) = postSolution
		{FA5CFAB8-F35B-4321-B687-176FC1655DCF}.Debug|Any CPU.ActiveCfg = Debug|Any CPU
		{FA5CFAB8-F35B-4321-B687-176FC1655DCF}.Debug|Any CPU.Build.0 = Debug|Any CPU
		{FA5CFAB8-F35B-4321-B687-176FC1655DCF}.Release|Any CPU.ActiveCfg = Release|Any CPU
		{FA5CFAB8-F35B-4321-B687-176FC1655DCF}.Release|Any CPU.Build.0 = Release|Any CPU
	EndGlobalSection
	GlobalSection(SolutionProperties) = preSolution
		HideSolutionNode = FALSE
	EndGlobalSection
	GlobalSection(ExtensibilityGlobals) = postSolution
		SolutionGuid = {502EC1EE-6502-452D-A7A9-C87480C9001F}
	EndGlobalSection
EndGlobal
