
Microsoft Visual Studio Solution File, Format Version 12.00
# Visual Studio Version 17
VisualStudioVersion = 17.2.32616.157
MinimumVisualStudioVersion = 10.0.40219.1
Project("{FAE04EC0-301F-11D3-BF4B-00C04F79EFBC}") = "WindowsFormsApp1_ptb2", "WindowsFormsApp1_ptb2\WindowsFormsApp1_ptb2.csproj", "{096C98E5-78F4-40DA-918B-691228E1E5DA}"
EndProject
Project("{FAE04EC0-301F-11D3-BF4B-00C04F79EFBC}") = "WindowsFormsApp1_ChonSach", "WindowsFormsApp1_ChonSach\WindowsFormsApp1_ChonSach.csproj", "{BEEE5170-8D9D-4161-A3EA-9163B5365FBA}"
EndProject
Project("{FAE04EC0-301F-11D3-BF4B-00C04F79EFBC}") = "WindowsFormsApp1_QLNV", "WindowsFormsApp1_QLNV\WindowsFormsApp1_QLNV.csproj", "{5F1EC9C0-1F81-4868-BC32-1979735E9B1C}"
EndProject
Project("{FAE04EC0-301F-11D3-BF4B-00C04F79EFBC}") = "WindowsFormsApp1_capNhatThanhVien", "WindowsFormsApp1_capNhatThanhVien\WindowsFormsApp1_capNhatThanhVien.csproj", "{EC1EDAA6-C785-4C05-933F-54AFA379D8DB}"
EndProject
Global
	GlobalSection(SolutionConfigurationPlatforms) = preSolution
		Debug|Any CPU = Debug|Any CPU
		Release|Any CPU = Release|Any CPU
	EndGlobalSection
	GlobalSection(ProjectConfigurationPlatforms) = postSolution
		{096C98E5-78F4-40DA-918B-691228E1E5DA}.Debug|Any CPU.ActiveCfg = Debug|Any CPU
		{096C98E5-78F4-40DA-918B-691228E1E5DA}.Debug|Any CPU.Build.0 = Debug|Any CPU
		{096C98E5-78F4-40DA-918B-691228E1E5DA}.Release|Any CPU.ActiveCfg = Release|Any CPU
		{096C98E5-78F4-40DA-918B-691228E1E5DA}.Release|Any CPU.Build.0 = Release|Any CPU
		{BEEE5170-8D9D-4161-A3EA-9163B5365FBA}.Debug|Any CPU.ActiveCfg = Debug|Any CPU
		{BEEE5170-8D9D-4161-A3EA-9163B5365FBA}.Debug|Any CPU.Build.0 = Debug|Any CPU
		{BEEE5170-8D9D-4161-A3EA-9163B5365FBA}.Release|Any CPU.ActiveCfg = Release|Any CPU
		{BEEE5170-8D9D-4161-A3EA-9163B5365FBA}.Release|Any CPU.Build.0 = Release|Any CPU
		{5F1EC9C0-1F81-4868-BC32-1979735E9B1C}.Debug|Any CPU.ActiveCfg = Debug|Any CPU
		{5F1EC9C0-1F81-4868-BC32-1979735E9B1C}.Debug|Any CPU.Build.0 = Debug|Any CPU
		{5F1EC9C0-1F81-4868-BC32-1979735E9B1C}.Release|Any CPU.ActiveCfg = Release|Any CPU
		{5F1EC9C0-1F81-4868-BC32-1979735E9B1C}.Release|Any CPU.Build.0 = Release|Any CPU
		{EC1EDAA6-C785-4C05-933F-54AFA379D8DB}.Debug|Any CPU.ActiveCfg = Debug|Any CPU
		{EC1EDAA6-C785-4C05-933F-54AFA379D8DB}.Debug|Any CPU.Build.0 = Debug|Any CPU
		{EC1EDAA6-C785-4C05-933F-54AFA379D8DB}.Release|Any CPU.ActiveCfg = Release|Any CPU
		{EC1EDAA6-C785-4C05-933F-54AFA379D8DB}.Release|Any CPU.Build.0 = Release|Any CPU
	EndGlobalSection
	GlobalSection(SolutionProperties) = preSolution
		HideSolutionNode = FALSE
	EndGlobalSection
	GlobalSection(ExtensibilityGlobals) = postSolution
		SolutionGuid = {83224E65-E7BB-4D0F-BABF-2BC60973D0D2}
	EndGlobalSection
EndGlobal
