
Microsoft Visual Studio Solution File, Format Version 12.00
# Visual Studio Version 17
VisualStudioVersion = 17.2.32616.157
MinimumVisualStudioVersion = 10.0.40219.1
Project("{9A19103F-16F7-4668-BE54-9A1E7A4F7556}") = "Person", "NguyenLinhTruong_2020608162_sol41_Person\Person.csproj", "{E515C42B-8224-4F5B-A35F-FD3BDEC4EAD9}"
EndProject
Project("{FAE04EC0-301F-11D3-BF4B-00C04F79EFBC}") = "Circle", "Circle\Circle.csproj", "{309A0FCD-00D4-4206-AEA5-B406C4391DAB}"
EndProject
Project("{FAE04EC0-301F-11D3-BF4B-00C04F79EFBC}") = "Student", "Student\Student.csproj", "{2E5BF2A2-9EEC-460C-AD25-237D3562C644}"
EndProject
Global
	GlobalSection(SolutionConfigurationPlatforms) = preSolution
		Debug|Any CPU = Debug|Any CPU
		Release|Any CPU = Release|Any CPU
	EndGlobalSection
	GlobalSection(ProjectConfigurationPlatforms) = postSolution
		{E515C42B-8224-4F5B-A35F-FD3BDEC4EAD9}.Debug|Any CPU.ActiveCfg = Debug|Any CPU
		{E515C42B-8224-4F5B-A35F-FD3BDEC4EAD9}.Debug|Any CPU.Build.0 = Debug|Any CPU
		{E515C42B-8224-4F5B-A35F-FD3BDEC4EAD9}.Release|Any CPU.ActiveCfg = Release|Any CPU
		{E515C42B-8224-4F5B-A35F-FD3BDEC4EAD9}.Release|Any CPU.Build.0 = Release|Any CPU
		{309A0FCD-00D4-4206-AEA5-B406C4391DAB}.Debug|Any CPU.ActiveCfg = Debug|Any CPU
		{309A0FCD-00D4-4206-AEA5-B406C4391DAB}.Debug|Any CPU.Build.0 = Debug|Any CPU
		{309A0FCD-00D4-4206-AEA5-B406C4391DAB}.Release|Any CPU.ActiveCfg = Release|Any CPU
		{309A0FCD-00D4-4206-AEA5-B406C4391DAB}.Release|Any CPU.Build.0 = Release|Any CPU
		{2E5BF2A2-9EEC-460C-AD25-237D3562C644}.Debug|Any CPU.ActiveCfg = Debug|Any CPU
		{2E5BF2A2-9EEC-460C-AD25-237D3562C644}.Debug|Any CPU.Build.0 = Debug|Any CPU
		{2E5BF2A2-9EEC-460C-AD25-237D3562C644}.Release|Any CPU.ActiveCfg = Release|Any CPU
		{2E5BF2A2-9EEC-460C-AD25-237D3562C644}.Release|Any CPU.Build.0 = Release|Any CPU
	EndGlobalSection
	GlobalSection(SolutionProperties) = preSolution
		HideSolutionNode = FALSE
	EndGlobalSection
	GlobalSection(ExtensibilityGlobals) = postSolution
		SolutionGuid = {E7FA2928-B801-4822-82A6-4BCB297247B0}
	EndGlobalSection
EndGlobal
